<?xml version="1.0" encoding="utf-8"?>
<Project ToolsVersion="4.0" xmlns="http://schemas.microsoft.com/developer/msbuild/2003">
  <ItemGroup>
    <Filter Include="Source Files">
      <UniqueIdentifier>{4FC737F1-C7A5-4376-A066-2A32D752A2FF}</UniqueIdentifier>
      <Extensions>cpp;c;cc;cxx;def;odl;idl;hpj;bat;asm;asmx</Extensions>
    </Filter>
    <Filter Include="Header Files">
      <UniqueIdentifier>{93995380-89BD-4b04-88EB-625FBE52EBFB}</UniqueIdentifier>
      <Extensions>h;hpp;hxx;hm;inl;inc;xsd</Extensions>
    </Filter>
    <Filter Include="Resource Files">
      <UniqueIdentifier>{67DA6AB6-F800-4c08-8B7A-83BB121AAD01}</UniqueIdentifier>
      <Extensions>rc;ico;cur;bmp;dlg;rc2;rct;bin;rgs;gif;jpg;jpeg;jpe;resx;tiff;tif;png;wav;mfcribbon-ms</Extensions>
    </Filter>
  </ItemGroup>
  <ItemGroup>
    <ClInclude Include="CController.h">
      <Filter>Header Files</Filter>
    </ClInclude>
    <ClInclude Include="CDropper.h">
      <Filter>Header Files</Filter>
    </ClInclude>
    <ClInclude Include="CGenAlg.h">
      <Filter>Header Files</Filter>
    </ClInclude>
    <ClInclude Include="CNeuralNet.h">
      <Filter>Header Files</Filter>
    </ClInclude>
    <ClInclude Include="CObject.h">
      <Filter>Header Files</Filter>
    </ClInclude>
    <ClInclude Include="CParams.h">
      <Filter>Header Files</Filter>
    </ClInclude>
    <ClInclude Include="utils.h">
      <Filter>Header Files</Filter>
    </ClInclude>
  </ItemGroup>
  <ItemGroup>
    <ClCompile Include="utils.cc">
      <Filter>Source Files</Filter>
    </ClCompile>
    <ClCompile Include="main.cc">
      <Filter>Source Files</Filter>
    </ClCompile>
    <ClCompile Include="CParams.cc">
      <Filter>Source Files</Filter>
    </ClCompile>
    <ClCompile Include="CObject.cc">
      <Filter>Source Files</Filter>
    </ClCompile>
    <ClCompile Include="CNeuralNet.cc">
      <Filter>Source Files</Filter>
    </ClCompile>
    <ClCompile Include="CGenAlg.cc">
      <Filter>Source Files</Filter>
    </ClCompile>
    <ClCompile Include="CDropper.cc">
      <Filter>Source Files</Filter>
    </ClCompile>
    <ClCompile Include="CController.cc">
      <Filter>Source Files</Filter>
    </ClCompile>
  </ItemGroup>
  <ItemGroup>
    <None Include="..\Release\params.ini">
      <Filter>Resource Files</Filter>
    </None>
  </ItemGroup>
</Project>